{
  "name": "ajs2",
  "version": "1.0.0",
  "lockfileVersion": 3,
  "requires": true,
  "packages": {
    "": {
      "name": "ajs2",
      "version": "1.0.0",
      "license": "ISC",
      "dependencies": {
        "@growgs/ajs": "^1.0.3"
      }
    },
    "node_modules/@growgs/ajs": {
      "version": "1.0.3",
      "resolved": "https://npm.pkg.github.com/download/@growgs/ajs/1.0.3/5680413ff4ae3731a31443c0acd9b79e601d07ee",
      "integrity": "sha512-S9DFFwFrZ927FSxLjIofcu1LDZmpfmAmx6Slhne+2kSPV5K69QKuC/YH0JVNMef39/klrzRxXPhlcPVOBj7VBg==",
      "license": "ISC"
    }
  }
}
